// !$*UTF8*$!
{
	archiveVersion = 1;
	classes = {
	};
	objectVersion = 50;
	objects = {

/* Begin PBXBuildFile section */
		9AAFE33422B1D75B00195B3B /* AppDelegate.swift in Sources */ = {isa = PBXBuildFile; fileRef = 9AAFE33322B1D75B00195B3B /* AppDelegate.swift */; };
		9AAFE33622B1D75B00195B3B /* ViewController.swift in Sources */ = {isa = PBXBuildFile; fileRef = 9AAFE33522B1D75B00195B3B /* ViewController.swift */; };
		9AAFE33922B1D75B00195B3B /* Main.storyboard in Resources */ = {isa = PBXBuildFile; fileRef = 9AAFE33722B1D75B00195B3B /* Main.storyboard */; };
		9AAFE33B22B1D75C00195B3B /* Assets.xcassets in Resources */ = {isa = PBXBuildFile; fileRef = 9AAFE33A22B1D75C00195B3B /* Assets.xcassets */; };
		9AAFE33E22B1D75C00195B3B /* LaunchScreen.storyboard in Resources */ = {isa = PBXBuildFile; fileRef = 9AAFE33C22B1D75C00195B3B /* LaunchScreen.storyboard */; };
		9AAFE34922B1D75D00195B3B /* A_FrameTests.swift in Sources */ = {isa = PBXBuildFile; fileRef = 9AAFE34822B1D75D00195B3B /* A_FrameTests.swift */; };
		9AAFE35422B1D75D00195B3B /* A_FrameUITests.swift in Sources */ = {isa = PBXBuildFile; fileRef = 9AAFE35322B1D75D00195B3B /* A_FrameUITests.swift */; };
		9AAFE36222B32A8900195B3B /* IMG_1218.jpeg in Resources */ = {isa = PBXBuildFile; fileRef = 9AAFE36122B32A8900195B3B /* IMG_1218.jpeg */; };
/* End PBXBuildFile section */

/* Begin PBXContainerItemProxy section */
		9AAFE34522B1D75D00195B3B /* PBXContainerItemProxy */ = {
			isa = PBXContainerItemProxy;
			containerPortal = 9AAFE32822B1D75B00195B3B /* Project object */;
			proxyType = 1;
			remoteGlobalIDString = 9AAFE32F22B1D75B00195B3B;
			remoteInfo = "A-Frame";
		};
		9AAFE35022B1D75D00195B3B /* PBXContainerItemProxy */ = {
			isa = PBXContainerItemProxy;
			containerPortal = 9AAFE32822B1D75B00195B3B /* Project object */;
			proxyType = 1;
			remoteGlobalIDString = 9AAFE32F22B1D75B00195B3B;
			remoteInfo = "A-Frame";
		};
/* End PBXContainerItemProxy section */

/* Begin PBXFileReference section */
		9AAFE33022B1D75B00195B3B /* A-Frame.app */ = {isa = PBXFileReference; explicitFileType = wrapper.application; includeInIndex = 0; path = "A-Frame.app"; sourceTree = BUILT_PRODUCTS_DIR; };
		9AAFE33322B1D75B00195B3B /* AppDelegate.swift */ = {isa = PBXFileReference; lastKnownFileType = sourcecode.swift; path = AppDelegate.swift; sourceTree = "<group>"; };
		9AAFE33522B1D75B00195B3B /* ViewController.swift */ = {isa = PBXFileReference; lastKnownFileType = sourcecode.swift; path = ViewController.swift; sourceTree = "<group>"; };
		9AAFE33822B1D75B00195B3B /* Base */ = {isa = PBXFileReference; lastKnownFileType = file.storyboard; name = Base; path = Base.lproj/Main.storyboard; sourceTree = "<group>"; };
		9AAFE33A22B1D75C00195B3B /* Assets.xcassets */ = {isa = PBXFileReference; lastKnownFileType = folder.assetcatalog; path = Assets.xcassets; sourceTree = "<group>"; };
		9AAFE33D22B1D75C00195B3B /* Base */ = {isa = PBXFileReference; lastKnownFileType = file.storyboard; name = Base; path = Base.lproj/LaunchScreen.storyboard; sourceTree = "<group>"; };
		9AAFE33F22B1D75C00195B3B /* Info.plist */ = {isa = PBXFileReference; lastKnownFileType = text.plist.xml; path = Info.plist; sourceTree = "<group>"; };
		9AAFE34422B1D75D00195B3B /* A-FrameTests.xctest */ = {isa = PBXFileReference; explicitFileType = wrapper.cfbundle; includeInIndex = 0; path = "A-FrameTests.xctest"; sourceTree = BUILT_PRODUCTS_DIR; };
		9AAFE34822B1D75D00195B3B /* A_FrameTests.swift */ = {isa = PBXFileReference; lastKnownFileType = sourcecode.swift; path = A_FrameTests.swift; sourceTree = "<group>"; };
		9AAFE34A22B1D75D00195B3B /* Info.plist */ = {isa = PBXFileReference; lastKnownFileType = text.plist.xml; path = Info.plist; sourceTree = "<group>"; };
		9AAFE34F22B1D75D00195B3B /* A-FrameUITests.xctest */ = {isa = PBXFileReference; explicitFileType = wrapper.cfbundle; includeInIndex = 0; path = "A-FrameUITests.xctest"; sourceTree = BUILT_PRODUCTS_DIR; };
		9AAFE35322B1D75D00195B3B /* A_FrameUITests.swift */ = {isa = PBXFileReference; lastKnownFileType = sourcecode.swift; path = A_FrameUITests.swift; sourceTree = "<group>"; };
		9AAFE35522B1D75D00195B3B /* Info.plist */ = {isa = PBXFileReference; lastKnownFileType = text.plist.xml; path = Info.plist; sourceTree = "<group>"; };
		9AAFE36122B32A8900195B3B /* IMG_1218.jpeg */ = {isa = PBXFileReference; lastKnownFileType = image.jpeg; name = IMG_1218.jpeg; path = ../../../Desktop/IMG_1218.jpeg; sourceTree = "<group>"; };
/* End PBXFileReference section */

/* Begin PBXFrameworksBuildPhase section */
		9AAFE32D22B1D75B00195B3B /* Frameworks */ = {
			isa = PBXFrameworksBuildPhase;
			buildActionMask = 2147483647;
			files = (
			);
			runOnlyForDeploymentPostprocessing = 0;
		};
		9AAFE34122B1D75D00195B3B /* Frameworks */ = {
			isa = PBXFrameworksBuildPhase;
			buildActionMask = 2147483647;
			files = (
			);
			runOnlyForDeploymentPostprocessing = 0;
		};
		9AAFE34C22B1D75D00195B3B /* Frameworks */ = {
			isa = PBXFrameworksBuildPhase;
			buildActionMask = 2147483647;
			files = (
			);
			runOnlyForDeploymentPostprocessing = 0;
		};
/* End PBXFrameworksBuildPhase section */

/* Begin PBXGroup section */
		9AAFE32722B1D75B00195B3B = {
			isa = PBXGroup;
			children = (
				9AAFE33222B1D75B00195B3B /* A-Frame */,
				9AAFE34722B1D75D00195B3B /* A-FrameTests */,
				9AAFE35222B1D75D00195B3B /* A-FrameUITests */,
				9AAFE33122B1D75B00195B3B /* Products */,
			);
			sourceTree = "<group>";
		};
		9AAFE33122B1D75B00195B3B /* Products */ = {
			isa = PBXGroup;
			children = (
				9AAFE33022B1D75B00195B3B /* A-Frame.app */,
				9AAFE34422B1D75D00195B3B /* A-FrameTests.xctest */,
				9AAFE34F22B1D75D00195B3B /* A-FrameUITests.xctest */,
			);
			name = Products;
			sourceTree = "<group>";
		};
		9AAFE33222B1D75B00195B3B /* A-Frame */ = {
			isa = PBXGroup;
			children = (
				9AAFE33322B1D75B00195B3B /* AppDelegate.swift */,
				9AAFE33522B1D75B00195B3B /* ViewController.swift */,
				9AAFE33722B1D75B00195B3B /* Main.storyboard */,
				9AAFE33A22B1D75C00195B3B /* Assets.xcassets */,
				9AAFE33C22B1D75C00195B3B /* LaunchScreen.storyboard */,
				9AAFE36122B32A8900195B3B /* IMG_1218.jpeg */,
				9AAFE33F22B1D75C00195B3B /* Info.plist */,
			);
			path = "A-Frame";
			sourceTree = "<group>";
		};
		9AAFE34722B1D75D00195B3B /* A-FrameTests */ = {
			isa = PBXGroup;
			children = (
				9AAFE34822B1D75D00195B3B /* A_FrameTests.swift */,
				9AAFE34A22B1D75D00195B3B /* Info.plist */,
			);
			path = "A-FrameTests";
			sourceTree = "<group>";
		};
		9AAFE35222B1D75D00195B3B /* A-FrameUITests */ = {
			isa = PBXGroup;
			children = (
				9AAFE35322B1D75D00195B3B /* A_FrameUITests.swift */,
				9AAFE35522B1D75D00195B3B /* Info.plist */,
			);
			path = "A-FrameUITests";
			sourceTree = "<group>";
		};
/* End PBXGroup section */

/* Begin PBXNativeTarget section */
		9AAFE32F22B1D75B00195B3B /* A-Frame */ = {
			isa = PBXNativeTarget;
			buildConfigurationList = 9AAFE35822B1D75D00195B3B /* Build configuration list for PBXNativeTarget "A-Frame" */;
			buildPhases = (
				9AAFE32C22B1D75B00195B3B /* Sources */,
				9AAFE32D22B1D75B00195B3B /* Frameworks */,
				9AAFE32E22B1D75B00195B3B /* Resources */,
			);
			buildRules = (
			);
			dependencies = (
			);
			name = "A-Frame";
			productName = "A-Frame";
			productReference = 9AAFE33022B1D75B00195B3B /* A-Frame.app */;
			productType = "com.apple.product-type.application";
		};
		9AAFE34322B1D75D00195B3B /* A-FrameTests */ = {
			isa = PBXNativeTarget;
			buildConfigurationList = 9AAFE35B22B1D75D00195B3B /* Build configuration list for PBXNativeTarget "A-FrameTests" */;
			buildPhases = (
				9AAFE34022B1D75D00195B3B /* Sources */,
				9AAFE34122B1D75D00195B3B /* Frameworks */,
				9AAFE34222B1D75D00195B3B /* Resources */,
			);
			buildRules = (
			);
			dependencies = (
				9AAFE34622B1D75D00195B3B /* PBXTargetDependency */,
			);
			name = "A-FrameTests";
			productName = "A-FrameTests";
			productReference = 9AAFE34422B1D75D00195B3B /* A-FrameTests.xctest */;
			productType = "com.apple.product-type.bundle.unit-test";
		};
		9AAFE34E22B1D75D00195B3B /* A-FrameUITests */ = {
			isa = PBXNativeTarget;
			buildConfigurationList = 9AAFE35E22B1D75D00195B3B /* Build configuration list for PBXNativeTarget "A-FrameUITests" */;
			buildPhases = (
				9AAFE34B22B1D75D00195B3B /* Sources */,
				9AAFE34C22B1D75D00195B3B /* Frameworks */,
				9AAFE34D22B1D75D00195B3B /* Resources */,
			);
			buildRules = (
			);
			dependencies = (
				9AAFE35122B1D75D00195B3B /* PBXTargetDependency */,
			);
			name = "A-FrameUITests";
			productName = "A-FrameUITests";
			productReference = 9AAFE34F22B1D75D00195B3B /* A-FrameUITests.xctest */;
			productType = "com.apple.product-type.bundle.ui-testing";
		};
/* End PBXNativeTarget section */

/* Begin PBXProject section */
		9AAFE32822B1D75B00195B3B /* Project object */ = {
			isa = PBXProject;
			attributes = {
				LastSwiftUpdateCheck = 1010;
				LastUpgradeCheck = 1330;
				ORGANIZATIONNAME = Kenny;
				TargetAttributes = {
					9AAFE32F22B1D75B00195B3B = {
						CreatedOnToolsVersion = 10.1;
					};
					9AAFE34322B1D75D00195B3B = {
						CreatedOnToolsVersion = 10.1;
						TestTargetID = 9AAFE32F22B1D75B00195B3B;
					};
					9AAFE34E22B1D75D00195B3B = {
						CreatedOnToolsVersion = 10.1;
						TestTargetID = 9AAFE32F22B1D75B00195B3B;
					};
				};
			};
			buildConfigurationList = 9AAFE32B22B1D75B00195B3B /* Build configuration list for PBXProject "A-Frame" */;
			compatibilityVersion = "Xcode 9.3";
			developmentRegion = en;
			hasScannedForEncodings = 0;
			knownRegions = (
				en,
				Base,
			);
			mainGroup = 9AAFE32722B1D75B00195B3B;
			productRefGroup = 9AAFE33122B1D75B00195B3B /* Products */;
			projectDirPath = "";
			projectRoot = "";
			targets = (
				9AAFE32F22B1D75B00195B3B /* A-Frame */,
				9AAFE34322B1D75D00195B3B /* A-FrameTests */,
				9AAFE34E22B1D75D00195B3B /* A-FrameUITests */,
			);
		};
/* End PBXProject section */

/* Begin PBXResourcesBuildPhase section */
		9AAFE32E22B1D75B00195B3B /* Resources */ = {
			isa = PBXResourcesBuildPhase;
			buildActionMask = 2147483647;
			files = (
				9AAFE33E22B1D75C00195B3B /* LaunchScreen.storyboard in Resources */,
				9AAFE36222B32A8900195B3B /* IMG_1218.jpeg in Resources */,
				9AAFE33B22B1D75C00195B3B /* Assets.xcassets in Resources */,
				9AAFE33922B1D75B00195B3B /* Main.storyboard in Resources */,
			);
			runOnlyForDeploymentPostprocessing = 0;
		};
		9AAFE34222B1D75D00195B3B /* Resources */ = {
			isa = PBXResourcesBuildPhase;
			buildActionMask = 2147483647;
			files = (
			);
			runOnlyForDeploymentPostprocessing = 0;
		};
		9AAFE34D22B1D75D00195B3B /* Resources */ = {
			isa = PBXResourcesBuildPhase;
			buildActionMask = 2147483647;
			files = (
			);
			runOnlyForDeploymentPostprocessing = 0;
		};
/* End PBXResourcesBuildPhase section */

/* Begin PBXSourcesBuildPhase section */
		9AAFE32C22B1D75B00195B3B /* Sources */ = {
			isa = PBXSourcesBuildPhase;
			buildActionMask = 2147483647;
			files = (
				9AAFE33622B1D75B00195B3B /* ViewController.swift in Sources */,
				9AAFE33422B1D75B00195B3B /* AppDelegate.swift in Sources */,
			);
			runOnlyForDeploymentPostprocessing = 0;
		};
		9AAFE34022B1D75D00195B3B /* Sources */ = {
			isa = PBXSourcesBuildPhase;
			buildActionMask = 2147483647;
			files = (
				9AAFE34922B1D75D00195B3B /* A_FrameTests.swift in Sources */,
			);
			runOnlyForDeploymentPostprocessing = 0;
		};
		9AAFE34B22B1D75D00195B3B /* Sources */ = {
			isa = PBXSourcesBuildPhase;
			buildActionMask = 2147483647;
			files = (
				9AAFE35422B1D75D00195B3B /* A_FrameUITests.swift in Sources */,
			);
			runOnlyForDeploymentPostprocessing = 0;
		};
/* End PBXSourcesBuildPhase section */

/* Begin PBXTargetDependency section */
		9AAFE34622B1D75D00195B3B /* PBXTargetDependency */ = {
			isa = PBXTargetDependency;
			target = 9AAFE32F22B1D75B00195B3B /* A-Frame */;
			targetProxy = 9AAFE34522B1D75D00195B3B /* PBXContainerItemProxy */;
		};
		9AAFE35122B1D75D00195B3B /* PBXTargetDependency */ = {
			isa = PBXTargetDependency;
			target = 9AAFE32F22B1D75B00195B3B /* A-Frame */;
			targetProxy = 9AAFE35022B1D75D00195B3B /* PBXContainerItemProxy */;
		};
/* End PBXTargetDependency section */

/* Begin PBXVariantGroup section */
		9AAFE33722B1D75B00195B3B /* Main.storyboard */ = {
			isa = PBXVariantGroup;
			children = (
				9AAFE33822B1D75B00195B3B /* Base */,
			);
			name = Main.storyboard;
			sourceTree = "<group>";
		};
		9AAFE33C22B1D75C00195B3B /* LaunchScreen.storyboard */ = {
			isa = PBXVariantGroup;
			children = (
				9AAFE33D22B1D75C00195B3B /* Base */,
			);
			name = LaunchScreen.storyboard;
			sourceTree = "<group>";
		};
/* End PBXVariantGroup section */

/* Begin XCBuildConfiguration section */
		9AAFE35622B1D75D00195B3B /* Debug */ = {
			isa = XCBuildConfiguration;
			buildSettings = {
				ALWAYS_SEARCH_USER_PATHS = NO;
				CLANG_ANALYZER_NONNULL = YES;
				CLANG_ANALYZER_NUMBER_OBJECT_CONVERSION = YES_AGGRESSIVE;
				CLANG_CXX_LANGUAGE_STANDARD = "gnu++14";
				CLANG_CXX_LIBRARY = "libc++";
				CLANG_ENABLE_MODULES = YES;
				CLANG_ENABLE_OBJC_ARC = YES;
				CLANG_ENABLE_OBJC_WEAK = YES;
				CLANG_WARN_BLOCK_CAPTURE_AUTORELEASING = YES;
				CLANG_WARN_BOOL_CONVERSION = YES;
				CLANG_WARN_COMMA = YES;
				CLANG_WARN_CONSTANT_CONVERSION = YES;
				CLANG_WARN_DEPRECATED_OBJC_IMPLEMENTATIONS = YES;
				CLANG_WARN_DIRECT_OBJC_ISA_USAGE = YES_ERROR;
				CLANG_WARN_DOCUMENTATION_COMMENTS = YES;
				CLANG_WARN_EMPTY_BODY = YES;
				CLANG_WARN_ENUM_CONVERSION = YES;
				CLANG_WARN_INFINITE_RECURSION = YES;
				CLANG_WARN_INT_CONVERSION = YES;
				CLANG_WARN_NON_LITERAL_NULL_CONVERSION = YES;
				CLANG_WARN_OBJC_IMPLICIT_RETAIN_SELF = YES;
				CLANG_WARN_OBJC_LITERAL_CONVERSION = YES;
				CLANG_WARN_OBJC_ROOT_CLASS = YES_ERROR;
				CLANG_WARN_QUOTED_INCLUDE_IN_FRAMEWORK_HEADER = YES;
				CLANG_WARN_RANGE_LOOP_ANALYSIS = YES;
				CLANG_WARN_STRICT_PROTOTYPES = YES;
				CLANG_WARN_SUSPICIOUS_MOVE = YES;
				CLANG_WARN_UNGUARDED_AVAILABILITY = YES_AGGRESSIVE;
				CLANG_WARN_UNREACHABLE_CODE = YES;
				CLANG_WARN__DUPLICATE_METHOD_MATCH = YES;
				CODE_SIGN_IDENTITY = "iPhone Developer";
				COPY_PHASE_STRIP = NO;
				DEBUG_INFORMATION_FORMAT = dwarf;
				ENABLE_STRICT_OBJC_MSGSEND = YES;
				ENABLE_TESTABILITY = YES;
				GCC_C_LANGUAGE_STANDARD = gnu11;
				GCC_DYNAMIC_NO_PIC = NO;
				GCC_NO_COMMON_BLOCKS = YES;
				GCC_OPTIMIZATION_LEVEL = 0;
				GCC_PREPROCESSOR_DEFINITIONS = (
					"DEBUG=1",
					"$(inherited)",
				);
				GCC_WARN_64_TO_32_BIT_CONVERSION = YES;
				GCC_WARN_ABOUT_RETURN_TYPE = YES_ERROR;
				GCC_WARN_UNDECLARED_SELECTOR = YES;
				GCC_WARN_UNINITIALIZED_AUTOS = YES_AGGRESSIVE;
				GCC_WARN_UNUSED_FUNCTION = YES;
				GCC_WARN_UNUSED_VARIABLE = YES;
				IPHONEOS_DEPLOYMENT_TARGET = 12.1;
				MTL_ENABLE_DEBUG_INFO = INCLUDE_SOURCE;
				MTL_FAST_MATH = YES;
				ONLY_ACTIVE_ARCH = YES;
				SDKROOT = iphoneos;
				SWIFT_ACTIVE_COMPILATION_CONDITIONS = DEBUG;
				SWIFT_OPTIMIZATION_LEVEL = "-Onone";
			};
			name = Debug;
		};
		9AAFE35722B1D75D00195B3B /* Release */ = {
			isa = XCBuildConfiguration;
			buildSettings = {
				ALWAYS_SEARCH_USER_PATHS = NO;
				CLANG_ANALYZER_NONNULL = YES;
				CLANG_ANALYZER_NUMBER_OBJECT_CONVERSION = YES_AGGRESSIVE;
				CLANG_CXX_LANGUAGE_STANDARD = "gnu++14";
				CLANG_CXX_LIBRARY = "libc++";
				CLANG_ENABLE_MODULES = YES;
				CLANG_ENABLE_OBJC_ARC = YES;
				CLANG_ENABLE_OBJC_WEAK = YES;
				CLANG_WARN_BLOCK_CAPTURE_AUTORELEASING = YES;
				CLANG_WARN_BOOL_CONVERSION = YES;
				CLANG_WARN_COMMA = YES;
				CLANG_WARN_CONSTANT_CONVERSION = YES;
				CLANG_WARN_DEPRECATED_OBJC_IMPLEMENTATIONS = YES;
				CLANG_WARN_DIRECT_OBJC_ISA_USAGE = YES_ERROR;
				CLANG_WARN_DOCUMENTATION_COMMENTS = YES;
				CLANG_WARN_EMPTY_BODY = YES;
				CLANG_WARN_ENUM_CONVERSION = YES;
				CLANG_WARN_INFINITE_RECURSION = YES;
				CLANG_WARN_INT_CONVERSION = YES;
				CLANG_WARN_NON_LITERAL_NULL_CONVERSION = YES;
				CLANG_WARN_OBJC_IMPLICIT_RETAIN_SELF = YES;
				CLANG_WARN_OBJC_LITERAL_CONVERSION = YES;
				CLANG_WARN_OBJC_ROOT_CLASS = YES_ERROR;
				CLANG_WARN_QUOTED_INCLUDE_IN_FRAMEWORK_HEADER = YES;
				CLANG_WARN_RANGE_LOOP_ANALYSIS = YES;
				CLANG_WARN_STRICT_PROTOTYPES = YES;
				CLANG_WARN_SUSPICIOUS_MOVE = YES;
				CLANG_WARN_UNGUARDED_AVAILABILITY = YES_AGGRESSIVE;
				CLANG_WARN_UNREACHABLE_CODE = YES;
				CLANG_WARN__DUPLICATE_METHOD_MATCH = YES;
				CODE_SIGN_IDENTITY = "iPhone Developer";
				COPY_PHASE_STRIP = NO;
				DEBUG_INFORMATION_FORMAT = "dwarf-with-dsym";
				ENABLE_NS_ASSERTIONS = NO;
				ENABLE_STRICT_OBJC_MSGSEND = YES;
				GCC_C_LANGUAGE_STANDARD = gnu11;
				GCC_NO_COMMON_BLOCKS = YES;
				GCC_WARN_64_TO_32_BIT_CONVERSION = YES;
				GCC_WARN_ABOUT_RETURN_TYPE = YES_ERROR;
				GCC_WARN_UNDECLARED_SELECTOR = YES;
				GCC_WARN_UNINITIALIZED_AUTOS = YES_AGGRESSIVE;
				GCC_WARN_UNUSED_FUNCTION = YES;
				GCC_WARN_UNUSED_VARIABLE = YES;
				IPHONEOS_DEPLOYMENT_TARGET = 12.1;
				MTL_ENABLE_DEBUG_INFO = NO;
				MTL_FAST_MATH = YES;
				SDKROOT = iphoneos;
				SWIFT_COMPILATION_MODE = wholemodule;
				SWIFT_OPTIMIZATION_LEVEL = "-O";
				VALIDATE_PRODUCT = YES;
			};
			name = Release;
		};
		9AAFE35922B1D75D00195B3B /* Debug */ = {
			isa = XCBuildConfiguration;
			buildSettings = {
				ASSETCATALOG_COMPILER_APPICON_NAME = AppIcon;
				CODE_SIGN_STYLE = Automatic;
				DEVELOPMENT_TEAM = 7QYDUE4C4F;
				INFOPLIST_FILE = "A-Frame/Info.plist";
				LD_RUNPATH_SEARCH_PATHS = (
					"$(inherited)",
					"@executable_path/Frameworks",
				);
				PRODUCT_BUNDLE_IDENTIFIER = "com.Kenny.A-Frame";
				PRODUCT_NAME = "$(TARGET_NAME)";
				SWIFT_VERSION = 4.2;
				TARGETED_DEVICE_FAMILY = "1,2";
			};
			name = Debug;
		};
		9AAFE35A22B1D75D00195B3B /* Release */ = {
			isa = XCBuildConfiguration;
			buildSettings = {
				ASSETCATALOG_COMPILER_APPICON_NAME = AppIcon;
				CODE_SIGN_STYLE = Automatic;
				DEVELOPMENT_TEAM = 7QYDUE4C4F;
				INFOPLIST_FILE = "A-Frame/Info.plist";
				LD_RUNPATH_SEARCH_PATHS = (
					"$(inherited)",
					"@executable_path/Frameworks",
				);
				PRODUCT_BUNDLE_IDENTIFIER = "com.Kenny.A-Frame";
				PRODUCT_NAME = "$(TARGET_NAME)";
				SWIFT_VERSION = 4.2;
				TARGETED_DEVICE_FAMILY = "1,2";
			};
			name = Release;
		};
		9AAFE35C22B1D75D00195B3B /* Debug */ = {
			isa = XCBuildConfiguration;
			buildSettings = {
				ALWAYS_EMBED_SWIFT_STANDARD_LIBRARIES = YES;
				BUNDLE_LOADER = "$(TEST_HOST)";
				CODE_SIGN_STYLE = Automatic;
				DEVELOPMENT_TEAM = 7QYDUE4C4F;
				INFOPLIST_FILE = "A-FrameTests/Info.plist";
				LD_RUNPATH_SEARCH_PATHS = (
					"$(inherited)",
					"@executable_path/Frameworks",
					"@loader_path/Frameworks",
				);
				PRODUCT_BUNDLE_IDENTIFIER = "com.Kenny.A-FrameTests";
				PRODUCT_NAME = "$(TARGET_NAME)";
				SWIFT_VERSION = 4.2;
				TARGETED_DEVICE_FAMILY = "1,2";
				TEST_HOST = "$(BUILT_PRODUCTS_DIR)/A-Frame.app/A-Frame";
			};
			name = Debug;
		};
		9AAFE35D22B1D75D00195B3B /* Release */ = {
			isa = XCBuildConfiguration;
			buildSettings = {
				ALWAYS_EMBED_SWIFT_STANDARD_LIBRARIES = YES;
				BUNDLE_LOADER = "$(TEST_HOST)";
				CODE_SIGN_STYLE = Automatic;
				DEVELOPMENT_TEAM = 7QYDUE4C4F;
				INFOPLIST_FILE = "A-FrameTests/Info.plist";
				LD_RUNPATH_SEARCH_PATHS = (
					"$(inherited)",
					"@executable_path/Frameworks",
					"@loader_path/Frameworks",
				);
				PRODUCT_BUNDLE_IDENTIFIER = "com.Kenny.A-FrameTests";
				PRODUCT_NAME = "$(TARGET_NAME)";
				SWIFT_VERSION = 4.2;
				TARGETED_DEVICE_FAMILY = "1,2";
				TEST_HOST = "$(BUILT_PRODUCTS_DIR)/A-Frame.app/A-Frame";
			};
			name = Release;
		};
		9AAFE35F22B1D75D00195B3B /* Debug */ = {
			isa = XCBuildConfiguration;
			buildSettings = {
				ALWAYS_EMBED_SWIFT_STANDARD_LIBRARIES = YES;
				CODE_SIGN_STYLE = Automatic;
				DEVELOPMENT_TEAM = 7QYDUE4C4F;
				INFOPLIST_FILE = "A-FrameUITests/Info.plist";
				LD_RUNPATH_SEARCH_PATHS = (
					"$(inherited)",
					"@executable_path/Frameworks",
					"@loader_path/Frameworks",
				);
				PRODUCT_BUNDLE_IDENTIFIER = "com.Kenny.A-FrameUITests";
				PRODUCT_NAME = "$(TARGET_NAME)";
				SWIFT_VERSION = 4.2;
				TARGETED_DEVICE_FAMILY = "1,2";
				TEST_TARGET_NAME = "A-Frame";
			};
			name = Debug;
		};
		9AAFE36022B1D75D00195B3B /* Release */ = {
			isa = XCBuildConfiguration;
			buildSettings = {
				ALWAYS_EMBED_SWIFT_STANDARD_LIBRARIES = YES;
				CODE_SIGN_STYLE = Automatic;
				DEVELOPMENT_TEAM = 7QYDUE4C4F;
				INFOPLIST_FILE = "A-FrameUITests/Info.plist";
				LD_RUNPATH_SEARCH_PATHS = (
					"$(inherited)",
					"@executable_path/Frameworks",
					"@loader_path/Frameworks",
				);
				PRODUCT_BUNDLE_IDENTIFIER = "com.Kenny.A-FrameUITests";
				PRODUCT_NAME = "$(TARGET_NAME)";
				SWIFT_VERSION = 4.2;
				TARGETED_DEVICE_FAMILY = "1,2";
				TEST_TARGET_NAME = "A-Frame";
			};
			name = Release;
		};
/* End XCBuildConfiguration section */

/* Begin XCConfigurationList section */
		9AAFE32B22B1D75B00195B3B /* Build configuration list for PBXProject "A-Frame" */ = {
			isa = XCConfigurationList;
			buildConfigurations = (
				9AAFE35622B1D75D00195B3B /* Debug */,
				9AAFE35722B1D75D00195B3B /* Release */,
			);
			defaultConfigurationIsVisible = 0;
			defaultConfigurationName = Release;
		};
		9AAFE35822B1D75D00195B3B /* Build configuration list for PBXNativeTarget "A-Frame" */ = {
			isa = XCConfigurationList;
			buildConfigurations = (
				9AAFE35922B1D75D00195B3B /* Debug */,
				9AAFE35A22B1D75D00195B3B /* Release */,
			);
			defaultConfigurationIsVisible = 0;
			defaultConfigurationName = Release;
		};
		9AAFE35B22B1D75D00195B3B /* Build configuration list for PBXNativeTarget "A-FrameTests" */ = {
			isa = XCConfigurationList;
			buildConfigurations = (
				9AAFE35C22B1D75D00195B3B /* Debug */,
				9AAFE35D22B1D75D00195B3B /* Release */,
			);
			defaultConfigurationIsVisible = 0;
			defaultConfigurationName = Release;
		};
		9AAFE35E22B1D75D00195B3B /* Build configuration list for PBXNativeTarget "A-FrameUITests" */ = {
			isa = XCConfigurationList;
			buildConfigurations = (
				9AAFE35F22B1D75D00195B3B /* Debug */,
				9AAFE36022B1D75D00195B3B /* Release */,
			);
			defaultConfigurationIsVisible = 0;
			defaultConfigurationName = Release;
		};
/* End XCConfigurationList section */
	};
	rootObject = 9AAFE32822B1D75B00195B3B /* Project object */;
}
